
Microsoft Visual Studio Solution File, Format Version 12.00
# Visual Studio Version 16
VisualStudioVersion = 16.0.29728.190
MinimumVisualStudioVersion = 10.0.40219.1
Project("{FAE04EC0-301F-11D3-BF4B-00C04F79EFBC}") = "Курсовая работа_ООП", "Курсовая работа_ООП.csproj", "{01E96801-FCD7-44BC-B922-A5D364905A80}"
EndProject
Project("{54435603-DBB4-11D2-8724-00A0C9A8B90C}") = "Setup", "..\Setup\Setup.vdproj", "{68633084-31F1-4B66-842A-7A4B60BACCE7}"
EndProject
Global
	GlobalSection(SolutionConfigurationPlatforms) = preSolution
		Debug|Any CPU = Debug|Any CPU
		Release|Any CPU = Release|Any CPU
	EndGlobalSection
	GlobalSection(ProjectConfigurationPlatforms) = postSolution
		{01E96801-FCD7-44BC-B922-A5D364905A80}.Debug|Any CPU.ActiveCfg = Debug|Any CPU
		{01E96801-FCD7-44BC-B922-A5D364905A80}.Debug|Any CPU.Build.0 = Debug|Any CPU
		{01E96801-FCD7-44BC-B922-A5D364905A80}.Release|Any CPU.ActiveCfg = Release|Any CPU
		{01E96801-FCD7-44BC-B922-A5D364905A80}.Release|Any CPU.Build.0 = Release|Any CPU
		{68633084-31F1-4B66-842A-7A4B60BACCE7}.Debug|Any CPU.ActiveCfg = Debug
		{68633084-31F1-4B66-842A-7A4B60BACCE7}.Release|Any CPU.ActiveCfg = Release
	EndGlobalSection
	GlobalSection(SolutionProperties) = preSolution
		HideSolutionNode = FALSE
	EndGlobalSection
	GlobalSection(ExtensibilityGlobals) = postSolution
		SolutionGuid = {E7377907-EE9B-4CD7-8B5D-D510560BA0CF}
	EndGlobalSection
EndGlobal
